
Microsoft Visual Studio Solution File, Format Version 12.00
# Visual Studio Version 16
VisualStudioVersion = 16.0.33027.164
MinimumVisualStudioVersion = 10.0.40219.1
Project("{F184B08F-C81C-45F6-A57F-5ABD9991F28F}") = "LoginForm", "LoginForm\LoginForm.vbproj", "{B864A210-FE0B-4DEC-8734-143555CF48CE}"
EndProject
Project("{F184B08F-C81C-45F6-A57F-5ABD9991F28F}") = "AdminPanel", "..\AdminPanel\AdminPanel\AdminPanel.vbproj", "{819CC2B6-CB0A-4356-A2FB-58684CC948E9}"
EndProject
Project("{F184B08F-C81C-45F6-A57F-5ABD9991F28F}") = "BookingSystemTest", "..\BookingSystemTest\BookingSystemTest\BookingSystemTest.vbproj", "{8AF2B0FD-EC40-488E-8431-7A9BE7893982}"
EndProject
Global
	GlobalSection(SolutionConfigurationPlatforms) = preSolution
		Debug|Any CPU = Debug|Any CPU
		Release|Any CPU = Release|Any CPU
	EndGlobalSection
	GlobalSection(ProjectConfigurationPlatforms) = postSolution
		{B864A210-FE0B-4DEC-8734-143555CF48CE}.Debug|Any CPU.ActiveCfg = Debug|Any CPU
		{B864A210-FE0B-4DEC-8734-143555CF48CE}.Debug|Any CPU.Build.0 = Debug|Any CPU
		{B864A210-FE0B-4DEC-8734-143555CF48CE}.Release|Any CPU.ActiveCfg = Release|Any CPU
		{B864A210-FE0B-4DEC-8734-143555CF48CE}.Release|Any CPU.Build.0 = Release|Any CPU
		{819CC2B6-CB0A-4356-A2FB-58684CC948E9}.Debug|Any CPU.ActiveCfg = Debug|Any CPU
		{819CC2B6-CB0A-4356-A2FB-58684CC948E9}.Debug|Any CPU.Build.0 = Debug|Any CPU
		{819CC2B6-CB0A-4356-A2FB-58684CC948E9}.Release|Any CPU.ActiveCfg = Release|Any CPU
		{819CC2B6-CB0A-4356-A2FB-58684CC948E9}.Release|Any CPU.Build.0 = Release|Any CPU
		{8AF2B0FD-EC40-488E-8431-7A9BE7893982}.Debug|Any CPU.ActiveCfg = Debug|Any CPU
		{8AF2B0FD-EC40-488E-8431-7A9BE7893982}.Debug|Any CPU.Build.0 = Debug|Any CPU
		{8AF2B0FD-EC40-488E-8431-7A9BE7893982}.Release|Any CPU.ActiveCfg = Release|Any CPU
		{8AF2B0FD-EC40-488E-8431-7A9BE7893982}.Release|Any CPU.Build.0 = Release|Any CPU
	EndGlobalSection
	GlobalSection(SolutionProperties) = preSolution
		HideSolutionNode = FALSE
	EndGlobalSection
	GlobalSection(ExtensibilityGlobals) = postSolution
		SolutionGuid = {E761848A-0207-4A44-A377-1FDAC2083E85}
	EndGlobalSection
EndGlobal
