
Microsoft Visual Studio Solution File, Format Version 12.00
# Visual Studio Version 16
VisualStudioVersion = 16.0.33027.164
MinimumVisualStudioVersion = 10.0.40219.1
Project("{FAE04EC0-301F-11D3-BF4B-00C04F79EFBC}") = "WinFormsApp2", "WinFormsApp2\WinFormsApp2.csproj", "{134F8584-E39C-47A3-8648-5235229E8E8E}"
EndProject
Global
	GlobalSection(SolutionConfigurationPlatforms) = preSolution
		Debug|Any CPU = Debug|Any CPU
		Release|Any CPU = Release|Any CPU
	EndGlobalSection
	GlobalSection(ProjectConfigurationPlatforms) = postSolution
		{134F8584-E39C-47A3-8648-5235229E8E8E}.Debug|Any CPU.ActiveCfg = Debug|Any CPU
		{134F8584-E39C-47A3-8648-5235229E8E8E}.Debug|Any CPU.Build.0 = Debug|Any CPU
		{134F8584-E39C-47A3-8648-5235229E8E8E}.Release|Any CPU.ActiveCfg = Release|Any CPU
		{134F8584-E39C-47A3-8648-5235229E8E8E}.Release|Any CPU.Build.0 = Release|Any CPU
	EndGlobalSection
	GlobalSection(SolutionProperties) = preSolution
		HideSolutionNode = FALSE
	EndGlobalSection
	GlobalSection(ExtensibilityGlobals) = postSolution
		SolutionGuid = {812D2BFB-4B11-4267-9215-41408532194E}
	EndGlobalSection
EndGlobal
