
Microsoft Visual Studio Solution File, Format Version 12.00
# Visual Studio Version 17
VisualStudioVersion = 17.3.32929.385
MinimumVisualStudioVersion = 10.0.40219.1
Project("{F184B08F-C81C-45F6-A57F-5ABD9991F28F}") = "Chapter2Dim1", "Chapter2Dim1.vbproj", "{326AA35E-07BF-434D-A57D-E2BA2DBAFB8F}"
EndProject
Global
	GlobalSection(SolutionConfigurationPlatforms) = preSolution
		Debug|Any CPU = Debug|Any CPU
		Release|Any CPU = Release|Any CPU
	EndGlobalSection
	GlobalSection(ProjectConfigurationPlatforms) = postSolution
		{326AA35E-07BF-434D-A57D-E2BA2DBAFB8F}.Debug|Any CPU.ActiveCfg = Debug|Any CPU
		{326AA35E-07BF-434D-A57D-E2BA2DBAFB8F}.Debug|Any CPU.Build.0 = Debug|Any CPU
		{326AA35E-07BF-434D-A57D-E2BA2DBAFB8F}.Release|Any CPU.ActiveCfg = Release|Any CPU
		{326AA35E-07BF-434D-A57D-E2BA2DBAFB8F}.Release|Any CPU.Build.0 = Release|Any CPU
	EndGlobalSection
	GlobalSection(SolutionProperties) = preSolution
		HideSolutionNode = FALSE
	EndGlobalSection
	GlobalSection(ExtensibilityGlobals) = postSolution
		SolutionGuid = {B39013EB-AA5C-42B6-B96A-B899C1D99D77}
	EndGlobalSection
EndGlobal
